
Microsoft Visual Studio Solution File, Format Version 12.00
# Visual Studio Version 16
VisualStudioVersion = 16.0.29920.165
MinimumVisualStudioVersion = 10.0.40219.1
Project("{FAE04EC0-301F-11D3-BF4B-00C04F79EFBC}") = "Linked List", "Linked List\Linked List.csproj", "{7FE9F639-C5C8-4D3A-808A-193F5EA395FE}"
EndProject
Global
	GlobalSection(SolutionConfigurationPlatforms) = preSolution
		Debug|Any CPU = Debug|Any CPU
		Release|Any CPU = Release|Any CPU
	EndGlobalSection
	GlobalSection(ProjectConfigurationPlatforms) = postSolution
		{7FE9F639-C5C8-4D3A-808A-193F5EA395FE}.Debug|Any CPU.ActiveCfg = Debug|Any CPU
		{7FE9F639-C5C8-4D3A-808A-193F5EA395FE}.Debug|Any CPU.Build.0 = Debug|Any CPU
		{7FE9F639-C5C8-4D3A-808A-193F5EA395FE}.Release|Any CPU.ActiveCfg = Release|Any CPU
		{7FE9F639-C5C8-4D3A-808A-193F5EA395FE}.Release|Any CPU.Build.0 = Release|Any CPU
	EndGlobalSection
	GlobalSection(SolutionProperties) = preSolution
		HideSolutionNode = FALSE
	EndGlobalSection
	GlobalSection(ExtensibilityGlobals) = postSolution
		SolutionGuid = {4F7AFD0C-3379-4109-8A69-AD68AA9F4A15}
	EndGlobalSection
EndGlobal
